{
  "originHash" : "503d9df0038fc9985965ffa4a9b4f4d53189f37455a205593190ecff4c10c4f7",
  "pins" : [
    {
      "identity" : "spectrogramview",
      "kind" : "remoteSourceControl",
      "location" : "https://github.com/lukluca/SpectrogramView",
      "state" : {
        "branch" : "swift-ui",
        "revision" : "a3b1a34a177397e367414c1ae01b51d56cb945a5"
      }
    },
    {
      "identity" : "swift-numerics",
      "kind" : "remoteSourceControl",
      "location" : "https://github.com/apple/swift-numerics.git",
      "state" : {
        "revision" : "0a5bc04095a675662cf24757cc0640aa2204253b",
        "version" : "1.0.2"
      }
    }
  ],
  "version" : 3
}
